{
  "name": "react-native-localized-text",
  "version": "1.0.4",
  "lockfileVersion": 1,
  "requires": true,
  "dependencies": {
    "i18n-js": {
      "version": "3.8.0",
      "resolved": "https://registry.npmjs.org/i18n-js/-/i18n-js-3.8.0.tgz",
      "integrity": "sha512-hDsGgPuvw/2P+lXSbOafAwspK8Ste8YrwuuUg17W3wEcO1JkQxBlPgsN1t2+852nTnz4YSYTjZc/1nAA2PC/nw=="
    }
  }
}
